
Microsoft Visual Studio Solution File, Format Version 12.00
# Visual Studio Version 17
VisualStudioVersion = 17.4.33122.133
MinimumVisualStudioVersion = 10.0.40219.1
Project("{FAE04EC0-301F-11D3-BF4B-00C04F79EFBC}") = "Silo", "Silo\Silo.csproj", "{68351D73-10E1-402D-B1CA-3292630E71F7}"
EndProject
Project("{FAE04EC0-301F-11D3-BF4B-00C04F79EFBC}") = "GrainInterfaces", "GrainInterfaces\GrainInterfaces.csproj", "{3A1CBB3A-2B13-4537-A736-A1718349A08B}"
EndProject
Project("{FAE04EC0-301F-11D3-BF4B-00C04F79EFBC}") = "Grains", "Grains\Grains.csproj", "{A34A20EB-0896-4542-8AA6-3293D88F79C6}"
EndProject
Project("{FAE04EC0-301F-11D3-BF4B-00C04F79EFBC}") = "Client", "Client\Client.csproj", "{61BCBF66-89A0-4DA5-A995-51252D828177}"
EndProject
Global
	GlobalSection(SolutionConfigurationPlatforms) = preSolution
		Debug|Any CPU = Debug|Any CPU
		Release|Any CPU = Release|Any CPU
	EndGlobalSection
	GlobalSection(ProjectConfigurationPlatforms) = postSolution
		{68351D73-10E1-402D-B1CA-3292630E71F7}.Debug|Any CPU.ActiveCfg = Debug|Any CPU
		{68351D73-10E1-402D-B1CA-3292630E71F7}.Debug|Any CPU.Build.0 = Debug|Any CPU
		{68351D73-10E1-402D-B1CA-3292630E71F7}.Release|Any CPU.ActiveCfg = Release|Any CPU
		{68351D73-10E1-402D-B1CA-3292630E71F7}.Release|Any CPU.Build.0 = Release|Any CPU
		{3A1CBB3A-2B13-4537-A736-A1718349A08B}.Debug|Any CPU.ActiveCfg = Debug|Any CPU
		{3A1CBB3A-2B13-4537-A736-A1718349A08B}.Debug|Any CPU.Build.0 = Debug|Any CPU
		{3A1CBB3A-2B13-4537-A736-A1718349A08B}.Release|Any CPU.ActiveCfg = Release|Any CPU
		{3A1CBB3A-2B13-4537-A736-A1718349A08B}.Release|Any CPU.Build.0 = Release|Any CPU
		{A34A20EB-0896-4542-8AA6-3293D88F79C6}.Debug|Any CPU.ActiveCfg = Debug|Any CPU
		{A34A20EB-0896-4542-8AA6-3293D88F79C6}.Debug|Any CPU.Build.0 = Debug|Any CPU
		{A34A20EB-0896-4542-8AA6-3293D88F79C6}.Release|Any CPU.ActiveCfg = Release|Any CPU
		{A34A20EB-0896-4542-8AA6-3293D88F79C6}.Release|Any CPU.Build.0 = Release|Any CPU
		{61BCBF66-89A0-4DA5-A995-51252D828177}.Debug|Any CPU.ActiveCfg = Debug|Any CPU
		{61BCBF66-89A0-4DA5-A995-51252D828177}.Debug|Any CPU.Build.0 = Debug|Any CPU
		{61BCBF66-89A0-4DA5-A995-51252D828177}.Release|Any CPU.ActiveCfg = Release|Any CPU
		{61BCBF66-89A0-4DA5-A995-51252D828177}.Release|Any CPU.Build.0 = Release|Any CPU
	EndGlobalSection
	GlobalSection(SolutionProperties) = preSolution
		HideSolutionNode = FALSE
	EndGlobalSection
	GlobalSection(ExtensibilityGlobals) = postSolution
		SolutionGuid = {07AC6641-12FE-42E7-AC89-D3E5A399EB83}
	EndGlobalSection
EndGlobal
